// !$*UTF8*$!
{
	archiveVersion = 1;
	classes = {
	};
	objectVersion = 50;
	objects = {

/* Begin PBXBuildFile section */
		5C725A6721D4951200AB68CE /* AppDelegate.swift in Sources */ = {isa = PBXBuildFile; fileRef = 5C725A6621D4951200AB68CE /* AppDelegate.swift */; };
		5C725A6921D4951200AB68CE /* ViewController.swift in Sources */ = {isa = PBXBuildFile; fileRef = 5C725A6821D4951200AB68CE /* ViewController.swift */; };
		5C725A6C21D4951200AB68CE /* Main.storyboard in Resources */ = {isa = PBXBuildFile; fileRef = 5C725A6A21D4951200AB68CE /* Main.storyboard */; };
		5C725A6E21D4951400AB68CE /* Assets.xcassets in Resources */ = {isa = PBXBuildFile; fileRef = 5C725A6D21D4951400AB68CE /* Assets.xcassets */; };
		5C725A7121D4951400AB68CE /* LaunchScreen.storyboard in Resources */ = {isa = PBXBuildFile; fileRef = 5C725A6F21D4951400AB68CE /* LaunchScreen.storyboard */; };
		5C725A7C21D4951400AB68CE /* tippyTests.swift in Sources */ = {isa = PBXBuildFile; fileRef = 5C725A7B21D4951400AB68CE /* tippyTests.swift */; };
		5C725A8721D4951400AB68CE /* tippyUITests.swift in Sources */ = {isa = PBXBuildFile; fileRef = 5C725A8621D4951400AB68CE /* tippyUITests.swift */; };
/* End PBXBuildFile section */

/* Begin PBXContainerItemProxy section */
		5C725A7821D4951400AB68CE /* PBXContainerItemProxy */ = {
			isa = PBXContainerItemProxy;
			containerPortal = 5C725A5B21D4951200AB68CE /* Project object */;
			proxyType = 1;
			remoteGlobalIDString = 5C725A6221D4951200AB68CE;
			remoteInfo = tippy;
		};
		5C725A8321D4951400AB68CE /* PBXContainerItemProxy */ = {
			isa = PBXContainerItemProxy;
			containerPortal = 5C725A5B21D4951200AB68CE /* Project object */;
			proxyType = 1;
			remoteGlobalIDString = 5C725A6221D4951200AB68CE;
			remoteInfo = tippy;
		};
/* End PBXContainerItemProxy section */

/* Begin PBXFileReference section */
		5C725A6321D4951200AB68CE /* tippy.app */ = {isa = PBXFileReference; explicitFileType = wrapper.application; includeInIndex = 0; path = tippy.app; sourceTree = BUILT_PRODUCTS_DIR; };
		5C725A6621D4951200AB68CE /* AppDelegate.swift */ = {isa = PBXFileReference; lastKnownFileType = sourcecode.swift; path = AppDelegate.swift; sourceTree = "<group>"; };
		5C725A6821D4951200AB68CE /* ViewController.swift */ = {isa = PBXFileReference; lastKnownFileType = sourcecode.swift; path = ViewController.swift; sourceTree = "<group>"; };
		5C725A6B21D4951200AB68CE /* Base */ = {isa = PBXFileReference; lastKnownFileType = file.storyboard; name = Base; path = Base.lproj/Main.storyboard; sourceTree = "<group>"; };
		5C725A6D21D4951400AB68CE /* Assets.xcassets */ = {isa = PBXFileReference; lastKnownFileType = folder.assetcatalog; path = Assets.xcassets; sourceTree = "<group>"; };
		5C725A7021D4951400AB68CE /* Base */ = {isa = PBXFileReference; lastKnownFileType = file.storyboard; name = Base; path = Base.lproj/LaunchScreen.storyboard; sourceTree = "<group>"; };
		5C725A7221D4951400AB68CE /* Info.plist */ = {isa = PBXFileReference; lastKnownFileType = text.plist.xml; path = Info.plist; sourceTree = "<group>"; };
		5C725A7721D4951400AB68CE /* tippyTests.xctest */ = {isa = PBXFileReference; explicitFileType = wrapper.cfbundle; includeInIndex = 0; path = tippyTests.xctest; sourceTree = BUILT_PRODUCTS_DIR; };
		5C725A7B21D4951400AB68CE /* tippyTests.swift */ = {isa = PBXFileReference; lastKnownFileType = sourcecode.swift; path = tippyTests.swift; sourceTree = "<group>"; };
		5C725A7D21D4951400AB68CE /* Info.plist */ = {isa = PBXFileReference; lastKnownFileType = text.plist.xml; path = Info.plist; sourceTree = "<group>"; };
		5C725A8221D4951400AB68CE /* tippyUITests.xctest */ = {isa = PBXFileReference; explicitFileType = wrapper.cfbundle; includeInIndex = 0; path = tippyUITests.xctest; sourceTree = BUILT_PRODUCTS_DIR; };
		5C725A8621D4951400AB68CE /* tippyUITests.swift */ = {isa = PBXFileReference; lastKnownFileType = sourcecode.swift; path = tippyUITests.swift; sourceTree = "<group>"; };
		5C725A8821D4951400AB68CE /* Info.plist */ = {isa = PBXFileReference; lastKnownFileType = text.plist.xml; path = Info.plist; sourceTree = "<group>"; };
/* End PBXFileReference section */

/* Begin PBXFrameworksBuildPhase section */
		5C725A6021D4951200AB68CE /* Frameworks */ = {
			isa = PBXFrameworksBuildPhase;
			buildActionMask = 2147483647;
			files = (
			);
			runOnlyForDeploymentPostprocessing = 0;
		};
		5C725A7421D4951400AB68CE /* Frameworks */ = {
			isa = PBXFrameworksBuildPhase;
			buildActionMask = 2147483647;
			files = (
			);
			runOnlyForDeploymentPostprocessing = 0;
		};
		5C725A7F21D4951400AB68CE /* Frameworks */ = {
			isa = PBXFrameworksBuildPhase;
			buildActionMask = 2147483647;
			files = (
			);
			runOnlyForDeploymentPostprocessing = 0;
		};
/* End PBXFrameworksBuildPhase section */

/* Begin PBXGroup section */
		5C725A5A21D4951200AB68CE = {
			isa = PBXGroup;
			children = (
				5C725A6521D4951200AB68CE /* tippy */,
				5C725A7A21D4951400AB68CE /* tippyTests */,
				5C725A8521D4951400AB68CE /* tippyUITests */,
				5C725A6421D4951200AB68CE /* Products */,
			);
			sourceTree = "<group>";
		};
		5C725A6421D4951200AB68CE /* Products */ = {
			isa = PBXGroup;
			children = (
				5C725A6321D4951200AB68CE /* tippy.app */,
				5C725A7721D4951400AB68CE /* tippyTests.xctest */,
				5C725A8221D4951400AB68CE /* tippyUITests.xctest */,
			);
			name = Products;
			sourceTree = "<group>";
		};
		5C725A6521D4951200AB68CE /* tippy */ = {
			isa = PBXGroup;
			children = (
				5C725A6621D4951200AB68CE /* AppDelegate.swift */,
				5C725A6821D4951200AB68CE /* ViewController.swift */,
				5C725A6A21D4951200AB68CE /* Main.storyboard */,
				5C725A6D21D4951400AB68CE /* Assets.xcassets */,
				5C725A6F21D4951400AB68CE /* LaunchScreen.storyboard */,
				5C725A7221D4951400AB68CE /* Info.plist */,
			);
			path = tippy;
			sourceTree = "<group>";
		};
		5C725A7A21D4951400AB68CE /* tippyTests */ = {
			isa = PBXGroup;
			children = (
				5C725A7B21D4951400AB68CE /* tippyTests.swift */,
				5C725A7D21D4951400AB68CE /* Info.plist */,
			);
			path = tippyTests;
			sourceTree = "<group>";
		};
		5C725A8521D4951400AB68CE /* tippyUITests */ = {
			isa = PBXGroup;
			children = (
				5C725A8621D4951400AB68CE /* tippyUITests.swift */,
				5C725A8821D4951400AB68CE /* Info.plist */,
			);
			path = tippyUITests;
			sourceTree = "<group>";
		};
/* End PBXGroup section */

/* Begin PBXNativeTarget section */
		5C725A6221D4951200AB68CE /* tippy */ = {
			isa = PBXNativeTarget;
			buildConfigurationList = 5C725A8B21D4951400AB68CE /* Build configuration list for PBXNativeTarget "tippy" */;
			buildPhases = (
				5C725A5F21D4951200AB68CE /* Sources */,
				5C725A6021D4951200AB68CE /* Frameworks */,
				5C725A6121D4951200AB68CE /* Resources */,
			);
			buildRules = (
			);
			dependencies = (
			);
			name = tippy;
			productName = tippy;
			productReference = 5C725A6321D4951200AB68CE /* tippy.app */;
			productType = "com.apple.product-type.application";
		};
		5C725A7621D4951400AB68CE /* tippyTests */ = {
			isa = PBXNativeTarget;
			buildConfigurationList = 5C725A8E21D4951400AB68CE /* Build configuration list for PBXNativeTarget "tippyTests" */;
			buildPhases = (
				5C725A7321D4951400AB68CE /* Sources */,
				5C725A7421D4951400AB68CE /* Frameworks */,
				5C725A7521D4951400AB68CE /* Resources */,
			);
			buildRules = (
			);
			dependencies = (
				5C725A7921D4951400AB68CE /* PBXTargetDependency */,
			);
			name = tippyTests;
			productName = tippyTests;
			productReference = 5C725A7721D4951400AB68CE /* tippyTests.xctest */;
			productType = "com.apple.product-type.bundle.unit-test";
		};
		5C725A8121D4951400AB68CE /* tippyUITests */ = {
			isa = PBXNativeTarget;
			buildConfigurationList = 5C725A9121D4951400AB68CE /* Build configuration list for PBXNativeTarget "tippyUITests" */;
			buildPhases = (
				5C725A7E21D4951400AB68CE /* Sources */,
				5C725A7F21D4951400AB68CE /* Frameworks */,
				5C725A8021D4951400AB68CE /* Resources */,
			);
			buildRules = (
			);
			dependencies = (
				5C725A8421D4951400AB68CE /* PBXTargetDependency */,
			);
			name = tippyUITests;
			productName = tippyUITests;
			productReference = 5C725A8221D4951400AB68CE /* tippyUITests.xctest */;
			productType = "com.apple.product-type.bundle.ui-testing";
		};
/* End PBXNativeTarget section */

/* Begin PBXProject section */
		5C725A5B21D4951200AB68CE /* Project object */ = {
			isa = PBXProject;
			attributes = {
				LastSwiftUpdateCheck = 1010;
				LastUpgradeCheck = 1010;
				ORGANIZATIONNAME = "hor kimleng";
				TargetAttributes = {
					5C725A6221D4951200AB68CE = {
						CreatedOnToolsVersion = 10.1;
					};
					5C725A7621D4951400AB68CE = {
						CreatedOnToolsVersion = 10.1;
						TestTargetID = 5C725A6221D4951200AB68CE;
					};
					5C725A8121D4951400AB68CE = {
						CreatedOnToolsVersion = 10.1;
						TestTargetID = 5C725A6221D4951200AB68CE;
					};
				};
			};
			buildConfigurationList = 5C725A5E21D4951200AB68CE /* Build configuration list for PBXProject "tippy" */;
			compatibilityVersion = "Xcode 9.3";
			developmentRegion = en;
			hasScannedForEncodings = 0;
			knownRegions = (
				en,
				Base,
			);
			mainGroup = 5C725A5A21D4951200AB68CE;
			productRefGroup = 5C725A6421D4951200AB68CE /* Products */;
			projectDirPath = "";
			projectRoot = "";
			targets = (
				5C725A6221D4951200AB68CE /* tippy */,
				5C725A7621D4951400AB68CE /* tippyTests */,
				5C725A8121D4951400AB68CE /* tippyUITests */,
			);
		};
/* End PBXProject section */

/* Begin PBXResourcesBuildPhase section */
		5C725A6121D4951200AB68CE /* Resources */ = {
			isa = PBXResourcesBuildPhase;
			buildActionMask = 2147483647;
			files = (
				5C725A7121D4951400AB68CE /* LaunchScreen.storyboard in Resources */,
				5C725A6E21D4951400AB68CE /* Assets.xcassets in Resources */,
				5C725A6C21D4951200AB68CE /* Main.storyboard in Resources */,
			);
			runOnlyForDeploymentPostprocessing = 0;
		};
		5C725A7521D4951400AB68CE /* Resources */ = {
			isa = PBXResourcesBuildPhase;
			buildActionMask = 2147483647;
			files = (
			);
			runOnlyForDeploymentPostprocessing = 0;
		};
		5C725A8021D4951400AB68CE /* Resources */ = {
			isa = PBXResourcesBuildPhase;
			buildActionMask = 2147483647;
			files = (
			);
			runOnlyForDeploymentPostprocessing = 0;
		};
/* End PBXResourcesBuildPhase section */

/* Begin PBXSourcesBuildPhase section */
		5C725A5F21D4951200AB68CE /* Sources */ = {
			isa = PBXSourcesBuildPhase;
			buildActionMask = 2147483647;
			files = (
				5C725A6921D4951200AB68CE /* ViewController.swift in Sources */,
				5C725A6721D4951200AB68CE /* AppDelegate.swift in Sources */,
			);
			runOnlyForDeploymentPostprocessing = 0;
		};
		5C725A7321D4951400AB68CE /* Sources */ = {
			isa = PBXSourcesBuildPhase;
			buildActionMask = 2147483647;
			files = (
				5C725A7C21D4951400AB68CE /* tippyTests.swift in Sources */,
			);
			runOnlyForDeploymentPostprocessing = 0;
		};
		5C725A7E21D4951400AB68CE /* Sources */ = {
			isa = PBXSourcesBuildPhase;
			buildActionMask = 2147483647;
			files = (
				5C725A8721D4951400AB68CE /* tippyUITests.swift in Sources */,
			);
			runOnlyForDeploymentPostprocessing = 0;
		};
/* End PBXSourcesBuildPhase section */

/* Begin PBXTargetDependency section */
		5C725A7921D4951400AB68CE /* PBXTargetDependency */ = {
			isa = PBXTargetDependency;
			target = 5C725A6221D4951200AB68CE /* tippy */;
			targetProxy = 5C725A7821D4951400AB68CE /* PBXContainerItemProxy */;
		};
		5C725A8421D4951400AB68CE /* PBXTargetDependency */ = {
			isa = PBXTargetDependency;
			target = 5C725A6221D4951200AB68CE /* tippy */;
			targetProxy = 5C725A8321D4951400AB68CE /* PBXContainerItemProxy */;
		};
/* End PBXTargetDependency section */

/* Begin PBXVariantGroup section */
		5C725A6A21D4951200AB68CE /* Main.storyboard */ = {
			isa = PBXVariantGroup;
			children = (
				5C725A6B21D4951200AB68CE /* Base */,
			);
			name = Main.storyboard;
			sourceTree = "<group>";
		};
		5C725A6F21D4951400AB68CE /* LaunchScreen.storyboard */ = {
			isa = PBXVariantGroup;
			children = (
				5C725A7021D4951400AB68CE /* Base */,
			);
			name = LaunchScreen.storyboard;
			sourceTree = "<group>";
		};
/* End PBXVariantGroup section */

/* Begin XCBuildConfiguration section */
		5C725A8921D4951400AB68CE /* Debug */ = {
			isa = XCBuildConfiguration;
			buildSettings = {
				ALWAYS_SEARCH_USER_PATHS = NO;
				CLANG_ANALYZER_NONNULL = YES;
				CLANG_ANALYZER_NUMBER_OBJECT_CONVERSION = YES_AGGRESSIVE;
				CLANG_CXX_LANGUAGE_STANDARD = "gnu++14";
				CLANG_CXX_LIBRARY = "libc++";
				CLANG_ENABLE_MODULES = YES;
				CLANG_ENABLE_OBJC_ARC = YES;
				CLANG_ENABLE_OBJC_WEAK = YES;
				CLANG_WARN_BLOCK_CAPTURE_AUTORELEASING = YES;
				CLANG_WARN_BOOL_CONVERSION = YES;
				CLANG_WARN_COMMA = YES;
				CLANG_WARN_CONSTANT_CONVERSION = YES;
				CLANG_WARN_DEPRECATED_OBJC_IMPLEMENTATIONS = YES;
				CLANG_WARN_DIRECT_OBJC_ISA_USAGE = YES_ERROR;
				CLANG_WARN_DOCUMENTATION_COMMENTS = YES;
				CLANG_WARN_EMPTY_BODY = YES;
				CLANG_WARN_ENUM_CONVERSION = YES;
				CLANG_WARN_INFINITE_RECURSION = YES;
				CLANG_WARN_INT_CONVERSION = YES;
				CLANG_WARN_NON_LITERAL_NULL_CONVERSION = YES;
				CLANG_WARN_OBJC_IMPLICIT_RETAIN_SELF = YES;
				CLANG_WARN_OBJC_LITERAL_CONVERSION = YES;
				CLANG_WARN_OBJC_ROOT_CLASS = YES_ERROR;
				CLANG_WARN_RANGE_LOOP_ANALYSIS = YES;
				CLANG_WARN_STRICT_PROTOTYPES = YES;
				CLANG_WARN_SUSPICIOUS_MOVE = YES;
				CLANG_WARN_UNGUARDED_AVAILABILITY = YES_AGGRESSIVE;
				CLANG_WARN_UNREACHABLE_CODE = YES;
				CLANG_WARN__DUPLICATE_METHOD_MATCH = YES;
				CODE_SIGN_IDENTITY = "iPhone Developer";
				COPY_PHASE_STRIP = NO;
				DEBUG_INFORMATION_FORMAT = dwarf;
				ENABLE_STRICT_OBJC_MSGSEND = YES;
				ENABLE_TESTABILITY = YES;
				GCC_C_LANGUAGE_STANDARD = gnu11;
				GCC_DYNAMIC_NO_PIC = NO;
				GCC_NO_COMMON_BLOCKS = YES;
				GCC_OPTIMIZATION_LEVEL = 0;
				GCC_PREPROCESSOR_DEFINITIONS = (
					"DEBUG=1",
					"$(inherited)",
				);
				GCC_WARN_64_TO_32_BIT_CONVERSION = YES;
				GCC_WARN_ABOUT_RETURN_TYPE = YES_ERROR;
				GCC_WARN_UNDECLARED_SELECTOR = YES;
				GCC_WARN_UNINITIALIZED_AUTOS = YES_AGGRESSIVE;
				GCC_WARN_UNUSED_FUNCTION = YES;
				GCC_WARN_UNUSED_VARIABLE = YES;
				IPHONEOS_DEPLOYMENT_TARGET = 12.1;
				MTL_ENABLE_DEBUG_INFO = INCLUDE_SOURCE;
				MTL_FAST_MATH = YES;
				ONLY_ACTIVE_ARCH = YES;
				SDKROOT = iphoneos;
				SWIFT_ACTIVE_COMPILATION_CONDITIONS = DEBUG;
				SWIFT_OPTIMIZATION_LEVEL = "-Onone";
			};
			name = Debug;
		};
		5C725A8A21D4951400AB68CE /* Release */ = {
			isa = XCBuildConfiguration;
			buildSettings = {
				ALWAYS_SEARCH_USER_PATHS = NO;
				CLANG_ANALYZER_NONNULL = YES;
				CLANG_ANALYZER_NUMBER_OBJECT_CONVERSION = YES_AGGRESSIVE;
				CLANG_CXX_LANGUAGE_STANDARD = "gnu++14";
				CLANG_CXX_LIBRARY = "libc++";
				CLANG_ENABLE_MODULES = YES;
				CLANG_ENABLE_OBJC_ARC = YES;
				CLANG_ENABLE_OBJC_WEAK = YES;
				CLANG_WARN_BLOCK_CAPTURE_AUTORELEASING = YES;
				CLANG_WARN_BOOL_CONVERSION = YES;
				CLANG_WARN_COMMA = YES;
				CLANG_WARN_CONSTANT_CONVERSION = YES;
				CLANG_WARN_DEPRECATED_OBJC_IMPLEMENTATIONS = YES;
				CLANG_WARN_DIRECT_OBJC_ISA_USAGE = YES_ERROR;
				CLANG_WARN_DOCUMENTATION_COMMENTS = YES;
				CLANG_WARN_EMPTY_BODY = YES;
				CLANG_WARN_ENUM_CONVERSION = YES;
				CLANG_WARN_INFINITE_RECURSION = YES;
				CLANG_WARN_INT_CONVERSION = YES;
				CLANG_WARN_NON_LITERAL_NULL_CONVERSION = YES;
				CLANG_WARN_OBJC_IMPLICIT_RETAIN_SELF = YES;
				CLANG_WARN_OBJC_LITERAL_CONVERSION = YES;
				CLANG_WARN_OBJC_ROOT_CLASS = YES_ERROR;
				CLANG_WARN_RANGE_LOOP_ANALYSIS = YES;
				CLANG_WARN_STRICT_PROTOTYPES = YES;
				CLANG_WARN_SUSPICIOUS_MOVE = YES;
				CLANG_WARN_UNGUARDED_AVAILABILITY = YES_AGGRESSIVE;
				CLANG_WARN_UNREACHABLE_CODE = YES;
				CLANG_WARN__DUPLICATE_METHOD_MATCH = YES;
				CODE_SIGN_IDENTITY = "iPhone Developer";
				COPY_PHASE_STRIP = NO;
				DEBUG_INFORMATION_FORMAT = "dwarf-with-dsym";
				ENABLE_NS_ASSERTIONS = NO;
				ENABLE_STRICT_OBJC_MSGSEND = YES;
				GCC_C_LANGUAGE_STANDARD = gnu11;
				GCC_NO_COMMON_BLOCKS = YES;
				GCC_WARN_64_TO_32_BIT_CONVERSION = YES;
				GCC_WARN_ABOUT_RETURN_TYPE = YES_ERROR;
				GCC_WARN_UNDECLARED_SELECTOR = YES;
				GCC_WARN_UNINITIALIZED_AUTOS = YES_AGGRESSIVE;
				GCC_WARN_UNUSED_FUNCTION = YES;
				GCC_WARN_UNUSED_VARIABLE = YES;
				IPHONEOS_DEPLOYMENT_TARGET = 12.1;
				MTL_ENABLE_DEBUG_INFO = NO;
				MTL_FAST_MATH = YES;
				SDKROOT = iphoneos;
				SWIFT_COMPILATION_MODE = wholemodule;
				SWIFT_OPTIMIZATION_LEVEL = "-O";
				VALIDATE_PRODUCT = YES;
			};
			name = Release;
		};
		5C725A8C21D4951400AB68CE /* Debug */ = {
			isa = XCBuildConfiguration;
			buildSettings = {
				ASSETCATALOG_COMPILER_APPICON_NAME = AppIcon;
				CODE_SIGN_STYLE = Automatic;
				DEVELOPMENT_TEAM = 89BV38HZUZ;
				INFOPLIST_FILE = tippy/Info.plist;
				LD_RUNPATH_SEARCH_PATHS = (
					"$(inherited)",
					"@executable_path/Frameworks",
				);
				PRODUCT_BUNDLE_IDENTIFIER = com.kimlenghor.tippy;
				PRODUCT_NAME = "$(TARGET_NAME)";
				SWIFT_VERSION = 4.2;
				TARGETED_DEVICE_FAMILY = "1,2";
			};
			name = Debug;
		};
		5C725A8D21D4951400AB68CE /* Release */ = {
			isa = XCBuildConfiguration;
			buildSettings = {
				ASSETCATALOG_COMPILER_APPICON_NAME = AppIcon;
				CODE_SIGN_STYLE = Automatic;
				DEVELOPMENT_TEAM = 89BV38HZUZ;
				INFOPLIST_FILE = tippy/Info.plist;
				LD_RUNPATH_SEARCH_PATHS = (
					"$(inherited)",
					"@executable_path/Frameworks",
				);
				PRODUCT_BUNDLE_IDENTIFIER = com.kimlenghor.tippy;
				PRODUCT_NAME = "$(TARGET_NAME)";
				SWIFT_VERSION = 4.2;
				TARGETED_DEVICE_FAMILY = "1,2";
			};
			name = Release;
		};
		5C725A8F21D4951400AB68CE /* Debug */ = {
			isa = XCBuildConfiguration;
			buildSettings = {
				ALWAYS_EMBED_SWIFT_STANDARD_LIBRARIES = YES;
				BUNDLE_LOADER = "$(TEST_HOST)";
				CODE_SIGN_STYLE = Automatic;
				DEVELOPMENT_TEAM = 89BV38HZUZ;
				INFOPLIST_FILE = tippyTests/Info.plist;
				LD_RUNPATH_SEARCH_PATHS = (
					"$(inherited)",
					"@executable_path/Frameworks",
					"@loader_path/Frameworks",
				);
				PRODUCT_BUNDLE_IDENTIFIER = com.kimlenghor.tippyTests;
				PRODUCT_NAME = "$(TARGET_NAME)";
				SWIFT_VERSION = 4.2;
				TARGETED_DEVICE_FAMILY = "1,2";
				TEST_HOST = "$(BUILT_PRODUCTS_DIR)/tippy.app/tippy";
			};
			name = Debug;
		};
		5C725A9021D4951400AB68CE /* Release */ = {
			isa = XCBuildConfiguration;
			buildSettings = {
				ALWAYS_EMBED_SWIFT_STANDARD_LIBRARIES = YES;
				BUNDLE_LOADER = "$(TEST_HOST)";
				CODE_SIGN_STYLE = Automatic;
				DEVELOPMENT_TEAM = 89BV38HZUZ;
				INFOPLIST_FILE = tippyTests/Info.plist;
				LD_RUNPATH_SEARCH_PATHS = (
					"$(inherited)",
					"@executable_path/Frameworks",
					"@loader_path/Frameworks",
				);
				PRODUCT_BUNDLE_IDENTIFIER = com.kimlenghor.tippyTests;
				PRODUCT_NAME = "$(TARGET_NAME)";
				SWIFT_VERSION = 4.2;
				TARGETED_DEVICE_FAMILY = "1,2";
				TEST_HOST = "$(BUILT_PRODUCTS_DIR)/tippy.app/tippy";
			};
			name = Release;
		};
		5C725A9221D4951400AB68CE /* Debug */ = {
			isa = XCBuildConfiguration;
			buildSettings = {
				ALWAYS_EMBED_SWIFT_STANDARD_LIBRARIES = YES;
				CODE_SIGN_STYLE = Automatic;
				DEVELOPMENT_TEAM = 89BV38HZUZ;
				INFOPLIST_FILE = tippyUITests/Info.plist;
				LD_RUNPATH_SEARCH_PATHS = (
					"$(inherited)",
					"@executable_path/Frameworks",
					"@loader_path/Frameworks",
				);
				PRODUCT_BUNDLE_IDENTIFIER = com.kimlenghor.tippyUITests;
				PRODUCT_NAME = "$(TARGET_NAME)";
				SWIFT_VERSION = 4.2;
				TARGETED_DEVICE_FAMILY = "1,2";
				TEST_TARGET_NAME = tippy;
			};
			name = Debug;
		};
		5C725A9321D4951400AB68CE /* Release */ = {
			isa = XCBuildConfiguration;
			buildSettings = {
				ALWAYS_EMBED_SWIFT_STANDARD_LIBRARIES = YES;
				CODE_SIGN_STYLE = Automatic;
				DEVELOPMENT_TEAM = 89BV38HZUZ;
				INFOPLIST_FILE = tippyUITests/Info.plist;
				LD_RUNPATH_SEARCH_PATHS = (
					"$(inherited)",
					"@executable_path/Frameworks",
					"@loader_path/Frameworks",
				);
				PRODUCT_BUNDLE_IDENTIFIER = com.kimlenghor.tippyUITests;
				PRODUCT_NAME = "$(TARGET_NAME)";
				SWIFT_VERSION = 4.2;
				TARGETED_DEVICE_FAMILY = "1,2";
				TEST_TARGET_NAME = tippy;
			};
			name = Release;
		};
/* End XCBuildConfiguration section */

/* Begin XCConfigurationList section */
		5C725A5E21D4951200AB68CE /* Build configuration list for PBXProject "tippy" */ = {
			isa = XCConfigurationList;
			buildConfigurations = (
				5C725A8921D4951400AB68CE /* Debug */,
				5C725A8A21D4951400AB68CE /* Release */,
			);
			defaultConfigurationIsVisible = 0;
			defaultConfigurationName = Release;
		};
		5C725A8B21D4951400AB68CE /* Build configuration list for PBXNativeTarget "tippy" */ = {
			isa = XCConfigurationList;
			buildConfigurations = (
				5C725A8C21D4951400AB68CE /* Debug */,
				5C725A8D21D4951400AB68CE /* Release */,
			);
			defaultConfigurationIsVisible = 0;
			defaultConfigurationName = Release;
		};
		5C725A8E21D4951400AB68CE /* Build configuration list for PBXNativeTarget "tippyTests" */ = {
			isa = XCConfigurationList;
			buildConfigurations = (
				5C725A8F21D4951400AB68CE /* Debug */,
				5C725A9021D4951400AB68CE /* Release */,
			);
			defaultConfigurationIsVisible = 0;
			defaultConfigurationName = Release;
		};
		5C725A9121D4951400AB68CE /* Build configuration list for PBXNativeTarget "tippyUITests" */ = {
			isa = XCConfigurationList;
			buildConfigurations = (
				5C725A9221D4951400AB68CE /* Debug */,
				5C725A9321D4951400AB68CE /* Release */,
			);
			defaultConfigurationIsVisible = 0;
			defaultConfigurationName = Release;
		};
/* End XCConfigurationList section */
	};
	rootObject = 5C725A5B21D4951200AB68CE /* Project object */;
}
